
Microsoft Visual Studio Solution File, Format Version 12.00
# Visual Studio Version 16
VisualStudioVersion = 16.0.31321.278
MinimumVisualStudioVersion = 10.0.40219.1
Project("{FAE04EC0-301F-11D3-BF4B-00C04F79EFBC}") = "SWD.Web", "SWD.Web\SWD.Web.csproj", "{EB8B840F-1DD1-4242-A416-5050A7FD7869}"
EndProject
Project("{FAE04EC0-301F-11D3-BF4B-00C04F79EFBC}") = "SWD.Bussiness", "SWD.Bussiness\SWD.Bussiness.csproj", "{DBA929B4-9BFF-4DEF-8A3B-6E0B82B6BCA4}"
EndProject
Global
	GlobalSection(SolutionConfigurationPlatforms) = preSolution
		Debug|Any CPU = Debug|Any CPU
		Release|Any CPU = Release|Any CPU
	EndGlobalSection
	GlobalSection(ProjectConfigurationPlatforms) = postSolution
		{EB8B840F-1DD1-4242-A416-5050A7FD7869}.Debug|Any CPU.ActiveCfg = Debug|Any CPU
		{EB8B840F-1DD1-4242-A416-5050A7FD7869}.Debug|Any CPU.Build.0 = Debug|Any CPU
		{EB8B840F-1DD1-4242-A416-5050A7FD7869}.Release|Any CPU.ActiveCfg = Release|Any CPU
		{EB8B840F-1DD1-4242-A416-5050A7FD7869}.Release|Any CPU.Build.0 = Release|Any CPU
		{DBA929B4-9BFF-4DEF-8A3B-6E0B82B6BCA4}.Debug|Any CPU.ActiveCfg = Debug|Any CPU
		{DBA929B4-9BFF-4DEF-8A3B-6E0B82B6BCA4}.Debug|Any CPU.Build.0 = Debug|Any CPU
		{DBA929B4-9BFF-4DEF-8A3B-6E0B82B6BCA4}.Release|Any CPU.ActiveCfg = Release|Any CPU
		{DBA929B4-9BFF-4DEF-8A3B-6E0B82B6BCA4}.Release|Any CPU.Build.0 = Release|Any CPU
	EndGlobalSection
	GlobalSection(SolutionProperties) = preSolution
		HideSolutionNode = FALSE
	EndGlobalSection
	GlobalSection(ExtensibilityGlobals) = postSolution
		SolutionGuid = {618CE4A1-9C30-46CD-B5AA-6BAAEC2D0518}
	EndGlobalSection
EndGlobal
